
Microsoft Visual Studio Solution File, Format Version 12.00
# Visual Studio 15
VisualStudioVersion = 15.0.28010.2026
MinimumVisualStudioVersion = 10.0.40219.1
Project("{E24C65DC-7377-472B-9ABA-BC803B73C61A}") = "DepthBuffer", "DepthBuffer\", "{12C305D3-ECA5-4FC5-9276-8A1ECA9D6194}"
	ProjectSection(WebsiteProperties) = preProject
		TargetFrameworkMoniker = ".NETFramework,Version%3Dv4.6.1"
		Debug.AspNetCompiler.VirtualPath = "/localhost_51074"
		Debug.AspNetCompiler.PhysicalPath = "DepthBuffer\"
		Debug.AspNetCompiler.TargetPath = "PrecompiledWeb\localhost_51074\"
		Debug.AspNetCompiler.Updateable = "true"
		Debug.AspNetCompiler.ForceOverwrite = "true"
		Debug.AspNetCompiler.FixedNames = "false"
		Debug.AspNetCompiler.Debug = "True"
		Release.AspNetCompiler.VirtualPath = "/localhost_51074"
		Release.AspNetCompiler.PhysicalPath = "DepthBuffer\"
		Release.AspNetCompiler.TargetPath = "PrecompiledWeb\localhost_51074\"
		Release.AspNetCompiler.Updateable = "true"
		Release.AspNetCompiler.ForceOverwrite = "true"
		Release.AspNetCompiler.FixedNames = "false"
		Release.AspNetCompiler.Debug = "False"
		VWDPort = "51074"
		SlnRelativePath = "DepthBuffer\"
		DefaultWebSiteLanguage = "Visual C#"
	EndProjectSection
EndProject
Global
	GlobalSection(SolutionConfigurationPlatforms) = preSolution
		Debug|Any CPU = Debug|Any CPU
	EndGlobalSection
	GlobalSection(ProjectConfigurationPlatforms) = postSolution
		{12C305D3-ECA5-4FC5-9276-8A1ECA9D6194}.Debug|Any CPU.ActiveCfg = Debug|Any CPU
		{12C305D3-ECA5-4FC5-9276-8A1ECA9D6194}.Debug|Any CPU.Build.0 = Debug|Any CPU
	EndGlobalSection
	GlobalSection(SolutionProperties) = preSolution
		HideSolutionNode = FALSE
	EndGlobalSection
	GlobalSection(ExtensibilityGlobals) = postSolution
		SolutionGuid = {C8059F63-44A7-4018-884B-F31C28711310}
	EndGlobalSection
EndGlobal
